<?xml version="1.0" encoding="utf-8"?>
<Project ToolsVersion="4.0" xmlns="http://schemas.microsoft.com/developer/msbuild/2003">
  <ItemGroup>
    <Filter Include="Source Files">
      <UniqueIdentifier>{4FC737F1-C7A5-4376-A066-2A32D752A2FF}</UniqueIdentifier>
      <Extensions>cpp;c;cc;cxx;c++;cppm;ixx;def;odl;idl;hpj;bat;asm;asmx</Extensions>
    </Filter>
    <Filter Include="Header Files">
      <UniqueIdentifier>{93995380-89BD-4b04-88EB-625FBE52EBFB}</UniqueIdentifier>
      <Extensions>h;hh;hpp;hxx;h++;hm;inl;inc;ipp;xsd</Extensions>
    </Filter>
    <Filter Include="Resource Files">
      <UniqueIdentifier>{67DA6AB6-F800-4c08-8B7A-83BB121AAD01}</UniqueIdentifier>
      <Extensions>rc;ico;cur;bmp;dlg;rc2;rct;bin;rgs;gif;jpg;jpeg;jpe;resx;tiff;tif;png;wav;mfcribbon-ms</Extensions>
    </Filter>
  </ItemGroup>
  <ItemGroup>
    <ClCompile Include="Main_Menu.cpp">
      <Filter>Source Files</Filter>
    </ClCompile>
    <ClCompile Include="MyForm.cpp">
      <Filter>Source Files</Filter>
    </ClCompile>
    <ClCompile Include="Source.cpp">
      <Filter>Header Files</Filter>
    </ClCompile>
    <ClCompile Include="Employee1.cpp">
      <Filter>Source Files</Filter>
    </ClCompile>
    <ClCompile Include="Change_pass.cpp">
      <Filter>Source Files</Filter>
    </ClCompile>
    <ClCompile Include="Taxtarrif.cpp">
      <Filter>Source Files</Filter>
    </ClCompile>
    <ClCompile Include="tax1C.cpp">
      <Filter>Source Files</Filter>
    </ClCompile>
    <ClCompile Include="Expirary_Report.cpp">
      <Filter>Source Files</Filter>
    </ClCompile>
    <ClCompile Include="Customer_login.cpp">
      <Filter>Source Files</Filter>
    </ClCompile>
    <ClCompile Include="Customer.cpp">
      <Filter>Source Files</Filter>
    </ClCompile>
    <ClCompile Include="Cust_edit_functions.cpp">
      <Filter>Source Files</Filter>
    </ClCompile>
    <ClCompile Include="AddNewCustomer.cpp">
      <Filter>Source Files</Filter>
    </ClCompile>
    <ClCompile Include="AddOldCustomer.cpp">
      <Filter>Source Files</Filter>
    </ClCompile>
    <ClCompile Include="CustomerDataUpdate.cpp">
      <Filter>Source Files</Filter>
    </ClCompile>
    <ClCompile Include="Enter_id.cpp">
      <Filter>Source Files</Filter>
    </ClCompile>
    <ClCompile Include="Payment.cpp">
      <Filter>Source Files</Filter>
    </ClCompile>
    <ClCompile Include="cust_show_bill.cpp">
      <Filter>Source Files</Filter>
    </ClCompile>
    <ClCompile Include="IssueDateUpdate.cpp">
      <Filter>Source Files</Filter>
    </ClCompile>
  </ItemGroup>
  <ItemGroup>
    <ClInclude Include="Main_Menu.h">
      <Filter>Header Files</Filter>
    </ClInclude>
    <ClInclude Include="MyForm.h">
      <Filter>Header Files</Filter>
    </ClInclude>
    <ClInclude Include="employee.h">
      <Filter>Header Files</Filter>
    </ClInclude>
    <ClInclude Include="Employee1.h">
      <Filter>Header Files</Filter>
    </ClInclude>
    <ClInclude Include="Change_pass.h">
      <Filter>Header Files</Filter>
    </ClInclude>
    <ClInclude Include="Taxtarrif.h">
      <Filter>Header Files</Filter>
    </ClInclude>
    <ClInclude Include="tax1C.h">
      <Filter>Header Files</Filter>
    </ClInclude>
    <ClInclude Include="Expirary_Report.h">
      <Filter>Header Files</Filter>
    </ClInclude>
    <ClInclude Include="Customer_login.h">
      <Filter>Header Files</Filter>
    </ClInclude>
    <ClInclude Include="Customer.h">
      <Filter>Header Files</Filter>
    </ClInclude>
    <ClInclude Include="Cust_edit_functions.h">
      <Filter>Header Files</Filter>
    </ClInclude>
    <ClInclude Include="AddNewCustomer.h">
      <Filter>Header Files</Filter>
    </ClInclude>
    <ClInclude Include="AddOldCustomer.h">
      <Filter>Header Files</Filter>
    </ClInclude>
    <ClInclude Include="CustomerDataUpdate.h">
      <Filter>Header Files</Filter>
    </ClInclude>
    <ClInclude Include="Enter_id.h">
      <Filter>Header Files</Filter>
    </ClInclude>
    <ClInclude Include="Payment.h">
      <Filter>Header Files</Filter>
    </ClInclude>
    <ClInclude Include="cust_show_bill.h">
      <Filter>Header Files</Filter>
    </ClInclude>
    <ClInclude Include="IssueDateUpdate.h">
      <Filter>Header Files</Filter>
    </ClInclude>
  </ItemGroup>
</Project>